// !$*UTF8*$!
{
	archiveVersion = 1;
	classes = {
	};
	objectVersion = 51;
	objects = {

/* Begin PBXBuildFile section */
		4149214027DA759B0081374A /* AppDelegate.swift in Sources */ = {isa = PBXBuildFile; fileRef = 4149213F27DA759B0081374A /* AppDelegate.swift */; };
		4149214227DA759B0081374A /* SceneDelegate.swift in Sources */ = {isa = PBXBuildFile; fileRef = 4149214127DA759B0081374A /* SceneDelegate.swift */; };
		4149214727DA759B0081374A /* Main.storyboard in Resources */ = {isa = PBXBuildFile; fileRef = 4149214527DA759B0081374A /* Main.storyboard */; };
		4149214927DA759E0081374A /* Assets.xcassets in Resources */ = {isa = PBXBuildFile; fileRef = 4149214827DA759E0081374A /* Assets.xcassets */; };
		4149214C27DA759E0081374A /* LaunchScreen.storyboard in Resources */ = {isa = PBXBuildFile; fileRef = 4149214A27DA759E0081374A /* LaunchScreen.storyboard */; };
		4149215727DA759E0081374A /* MarvelTests.swift in Sources */ = {isa = PBXBuildFile; fileRef = 4149215627DA759E0081374A /* MarvelTests.swift */; };
		4149216227DA759F0081374A /* MarvelUITests.swift in Sources */ = {isa = PBXBuildFile; fileRef = 4149216127DA759F0081374A /* MarvelUITests.swift */; };
		414921E427DD08EE0081374A /* MarvelCharacterModel.swift in Sources */ = {isa = PBXBuildFile; fileRef = 414921E327DD08EE0081374A /* MarvelCharacterModel.swift */; };
		414921F027DD0FA10081374A /* NetworkRequest.swift in Sources */ = {isa = PBXBuildFile; fileRef = 414921EC27DD0FA10081374A /* NetworkRequest.swift */; };
		414921F127DD0FA10081374A /* Constants.swift in Sources */ = {isa = PBXBuildFile; fileRef = 414921ED27DD0FA10081374A /* Constants.swift */; };
		414921F227DD0FA10081374A /* Networking.swift in Sources */ = {isa = PBXBuildFile; fileRef = 414921EE27DD0FA10081374A /* Networking.swift */; };
		414921F327DD0FA10081374A /* Network.swift in Sources */ = {isa = PBXBuildFile; fileRef = 414921EF27DD0FA10081374A /* Network.swift */; };
		4149220B27DD18970081374A /* MarvelCharacterListViewModel.swift in Sources */ = {isa = PBXBuildFile; fileRef = 4149220A27DD18970081374A /* MarvelCharacterListViewModel.swift */; };
		4149222127DD28FB0081374A /* Helper.swift in Sources */ = {isa = PBXBuildFile; fileRef = 4149222027DD28FA0081374A /* Helper.swift */; };
		4149223427DD384A0081374A /* ErrorHelper.swift in Sources */ = {isa = PBXBuildFile; fileRef = 4149223327DD384A0081374A /* ErrorHelper.swift */; };
		4149223927DD3C010081374A /* ResultHelper.swift in Sources */ = {isa = PBXBuildFile; fileRef = 4149223827DD3C010081374A /* ResultHelper.swift */; };
		4149223E27DD3E820081374A /* BaseViewModel.swift in Sources */ = {isa = PBXBuildFile; fileRef = 4149223D27DD3E820081374A /* BaseViewModel.swift */; };
		4149224727DE4DCD0081374A /* ProductListCell.swift in Sources */ = {isa = PBXBuildFile; fileRef = 4149224527DE4DCC0081374A /* ProductListCell.swift */; };
		4149224827DE4DCD0081374A /* ProductListCell.xib in Resources */ = {isa = PBXBuildFile; fileRef = 4149224627DE4DCC0081374A /* ProductListCell.xib */; };
		4149225027DE4F0B0081374A /* UIView+Extensions.swift in Sources */ = {isa = PBXBuildFile; fileRef = 4149224F27DE4F0B0081374A /* UIView+Extensions.swift */; };
		4149225527DE52410081374A /* UIImageView+Extensions.swift in Sources */ = {isa = PBXBuildFile; fileRef = 4149225427DE52410081374A /* UIImageView+Extensions.swift */; };
		4149225A27DE61FF0081374A /* MarvelDetailsViewModel.swift in Sources */ = {isa = PBXBuildFile; fileRef = 4149225927DE61FF0081374A /* MarvelDetailsViewModel.swift */; };
		4149225F27DE675B0081374A /* MarvelCharacterDetailsViewController.swift in Sources */ = {isa = PBXBuildFile; fileRef = 4149225E27DE675B0081374A /* MarvelCharacterDetailsViewController.swift */; };
		4149227127DF5C070081374A /* AlertPresenter.swift in Sources */ = {isa = PBXBuildFile; fileRef = 4149227027DF5C070081374A /* AlertPresenter.swift */; };
		4149227E27DF68B10081374A /* MarvelListViewModelTest.swift in Sources */ = {isa = PBXBuildFile; fileRef = 4149227D27DF68B10081374A /* MarvelListViewModelTest.swift */; };
		4149228327DF6FAC0081374A /* NetworkAPITest.swift in Sources */ = {isa = PBXBuildFile; fileRef = 4149228227DF6FAC0081374A /* NetworkAPITest.swift */; };
		414922FB27DFC1F80081374A /* Model.xcdatamodeld in Sources */ = {isa = PBXBuildFile; fileRef = 414922F927DFC1F80081374A /* Model.xcdatamodeld */; };
		414922FC27DFC1F80081374A /* Model.xcdatamodeld in Sources */ = {isa = PBXBuildFile; fileRef = 414922F927DFC1F80081374A /* Model.xcdatamodeld */; };
		41809FE327E2615500AAC344 /* DashBoardViewController.swift in Sources */ = {isa = PBXBuildFile; fileRef = 41809FE227E2615500AAC344 /* DashBoardViewController.swift */; };
		41809FEC27E268A100AAC344 /* LoadingCell.swift in Sources */ = {isa = PBXBuildFile; fileRef = 41809FEA27E268A100AAC344 /* LoadingCell.swift */; };
		41809FED27E268A100AAC344 /* LoadingCell.xib in Resources */ = {isa = PBXBuildFile; fileRef = 41809FEB27E268A100AAC344 /* LoadingCell.xib */; };
		5FC4290CEB23AE19D9B30C6A /* Pods_Marvel.framework in Frameworks */ = {isa = PBXBuildFile; fileRef = B55881AED21E3802DFB94F0A /* Pods_Marvel.framework */; };
/* End PBXBuildFile section */

/* Begin PBXContainerItemProxy section */
		4149215327DA759E0081374A /* PBXContainerItemProxy */ = {
			isa = PBXContainerItemProxy;
			containerPortal = 4149213427DA759B0081374A /* Project object */;
			proxyType = 1;
			remoteGlobalIDString = 4149213B27DA759B0081374A;
			remoteInfo = Marvel;
		};
		4149215E27DA759F0081374A /* PBXContainerItemProxy */ = {
			isa = PBXContainerItemProxy;
			containerPortal = 4149213427DA759B0081374A /* Project object */;
			proxyType = 1;
			remoteGlobalIDString = 4149213B27DA759B0081374A;
			remoteInfo = Marvel;
		};
/* End PBXContainerItemProxy section */

/* Begin PBXFileReference section */
		344F31D223C1ED7273DBFD17 /* Pods-Marvel.release.xcconfig */ = {isa = PBXFileReference; includeInIndex = 1; lastKnownFileType = text.xcconfig; name = "Pods-Marvel.release.xcconfig"; path = "Target Support Files/Pods-Marvel/Pods-Marvel.release.xcconfig"; sourceTree = "<group>"; };
		4149213C27DA759B0081374A /* Marvel.app */ = {isa = PBXFileReference; explicitFileType = wrapper.application; includeInIndex = 0; path = Marvel.app; sourceTree = BUILT_PRODUCTS_DIR; };
		4149213F27DA759B0081374A /* AppDelegate.swift */ = {isa = PBXFileReference; lastKnownFileType = sourcecode.swift; path = AppDelegate.swift; sourceTree = "<group>"; };
		4149214127DA759B0081374A /* SceneDelegate.swift */ = {isa = PBXFileReference; lastKnownFileType = sourcecode.swift; path = SceneDelegate.swift; sourceTree = "<group>"; };
		4149214627DA759B0081374A /* Base */ = {isa = PBXFileReference; lastKnownFileType = file.storyboard; name = Base; path = Base.lproj/Main.storyboard; sourceTree = "<group>"; };
		4149214827DA759E0081374A /* Assets.xcassets */ = {isa = PBXFileReference; lastKnownFileType = folder.assetcatalog; path = Assets.xcassets; sourceTree = "<group>"; };
		4149214B27DA759E0081374A /* Base */ = {isa = PBXFileReference; lastKnownFileType = file.storyboard; name = Base; path = Base.lproj/LaunchScreen.storyboard; sourceTree = "<group>"; };
		4149214D27DA759E0081374A /* Info.plist */ = {isa = PBXFileReference; lastKnownFileType = text.plist.xml; path = Info.plist; sourceTree = "<group>"; };
		4149215227DA759E0081374A /* MarvelTests.xctest */ = {isa = PBXFileReference; explicitFileType = wrapper.cfbundle; includeInIndex = 0; path = MarvelTests.xctest; sourceTree = BUILT_PRODUCTS_DIR; };
		4149215627DA759E0081374A /* MarvelTests.swift */ = {isa = PBXFileReference; lastKnownFileType = sourcecode.swift; path = MarvelTests.swift; sourceTree = "<group>"; };
		4149215827DA759E0081374A /* Info.plist */ = {isa = PBXFileReference; lastKnownFileType = text.plist.xml; path = Info.plist; sourceTree = "<group>"; };
		4149215D27DA759F0081374A /* MarvelUITests.xctest */ = {isa = PBXFileReference; explicitFileType = wrapper.cfbundle; includeInIndex = 0; path = MarvelUITests.xctest; sourceTree = BUILT_PRODUCTS_DIR; };
		4149216127DA759F0081374A /* MarvelUITests.swift */ = {isa = PBXFileReference; lastKnownFileType = sourcecode.swift; path = MarvelUITests.swift; sourceTree = "<group>"; };
		4149216327DA759F0081374A /* Info.plist */ = {isa = PBXFileReference; lastKnownFileType = text.plist.xml; path = Info.plist; sourceTree = "<group>"; };
		414921E327DD08EE0081374A /* MarvelCharacterModel.swift */ = {isa = PBXFileReference; lastKnownFileType = sourcecode.swift; path = MarvelCharacterModel.swift; sourceTree = "<group>"; };
		414921EC27DD0FA10081374A /* NetworkRequest.swift */ = {isa = PBXFileReference; fileEncoding = 4; lastKnownFileType = sourcecode.swift; path = NetworkRequest.swift; sourceTree = "<group>"; };
		414921ED27DD0FA10081374A /* Constants.swift */ = {isa = PBXFileReference; fileEncoding = 4; lastKnownFileType = sourcecode.swift; path = Constants.swift; sourceTree = "<group>"; };
		414921EE27DD0FA10081374A /* Networking.swift */ = {isa = PBXFileReference; fileEncoding = 4; lastKnownFileType = sourcecode.swift; path = Networking.swift; sourceTree = "<group>"; };
		414921EF27DD0FA10081374A /* Network.swift */ = {isa = PBXFileReference; fileEncoding = 4; lastKnownFileType = sourcecode.swift; path = Network.swift; sourceTree = "<group>"; };
		4149220A27DD18970081374A /* MarvelCharacterListViewModel.swift */ = {isa = PBXFileReference; lastKnownFileType = sourcecode.swift; path = MarvelCharacterListViewModel.swift; sourceTree = "<group>"; };
		4149222027DD28FA0081374A /* Helper.swift */ = {isa = PBXFileReference; lastKnownFileType = sourcecode.swift; path = Helper.swift; sourceTree = "<group>"; };
		4149223327DD384A0081374A /* ErrorHelper.swift */ = {isa = PBXFileReference; lastKnownFileType = sourcecode.swift; path = ErrorHelper.swift; sourceTree = "<group>"; };
		4149223827DD3C010081374A /* ResultHelper.swift */ = {isa = PBXFileReference; lastKnownFileType = sourcecode.swift; path = ResultHelper.swift; sourceTree = "<group>"; };
		4149223D27DD3E820081374A /* BaseViewModel.swift */ = {isa = PBXFileReference; lastKnownFileType = sourcecode.swift; path = BaseViewModel.swift; sourceTree = "<group>"; };
		4149224527DE4DCC0081374A /* ProductListCell.swift */ = {isa = PBXFileReference; fileEncoding = 4; lastKnownFileType = sourcecode.swift; path = ProductListCell.swift; sourceTree = "<group>"; };
		4149224627DE4DCC0081374A /* ProductListCell.xib */ = {isa = PBXFileReference; fileEncoding = 4; lastKnownFileType = file.xib; path = ProductListCell.xib; sourceTree = "<group>"; };
		4149224F27DE4F0B0081374A /* UIView+Extensions.swift */ = {isa = PBXFileReference; fileEncoding = 4; lastKnownFileType = sourcecode.swift; path = "UIView+Extensions.swift"; sourceTree = "<group>"; };
		4149225427DE52410081374A /* UIImageView+Extensions.swift */ = {isa = PBXFileReference; fileEncoding = 4; lastKnownFileType = sourcecode.swift; path = "UIImageView+Extensions.swift"; sourceTree = "<group>"; };
		4149225927DE61FF0081374A /* MarvelDetailsViewModel.swift */ = {isa = PBXFileReference; lastKnownFileType = sourcecode.swift; path = MarvelDetailsViewModel.swift; sourceTree = "<group>"; };
		4149225E27DE675B0081374A /* MarvelCharacterDetailsViewController.swift */ = {isa = PBXFileReference; lastKnownFileType = sourcecode.swift; path = MarvelCharacterDetailsViewController.swift; sourceTree = "<group>"; };
		4149227027DF5C070081374A /* AlertPresenter.swift */ = {isa = PBXFileReference; fileEncoding = 4; lastKnownFileType = sourcecode.swift; path = AlertPresenter.swift; sourceTree = "<group>"; };
		4149227D27DF68B10081374A /* MarvelListViewModelTest.swift */ = {isa = PBXFileReference; lastKnownFileType = sourcecode.swift; path = MarvelListViewModelTest.swift; sourceTree = "<group>"; };
		4149228227DF6FAC0081374A /* NetworkAPITest.swift */ = {isa = PBXFileReference; lastKnownFileType = sourcecode.swift; path = NetworkAPITest.swift; sourceTree = "<group>"; };
		414922FA27DFC1F80081374A /* Model.xcdatamodel */ = {isa = PBXFileReference; lastKnownFileType = wrapper.xcdatamodel; path = Model.xcdatamodel; sourceTree = "<group>"; };
		41809FE227E2615500AAC344 /* DashBoardViewController.swift */ = {isa = PBXFileReference; lastKnownFileType = sourcecode.swift; path = DashBoardViewController.swift; sourceTree = "<group>"; };
		41809FEA27E268A100AAC344 /* LoadingCell.swift */ = {isa = PBXFileReference; lastKnownFileType = sourcecode.swift; path = LoadingCell.swift; sourceTree = "<group>"; };
		41809FEB27E268A100AAC344 /* LoadingCell.xib */ = {isa = PBXFileReference; lastKnownFileType = file.xib; path = LoadingCell.xib; sourceTree = "<group>"; };
		7ACC46D8FF4B3A8EB03EDC7C /* Pods-Marvel.debug.xcconfig */ = {isa = PBXFileReference; includeInIndex = 1; lastKnownFileType = text.xcconfig; name = "Pods-Marvel.debug.xcconfig"; path = "Target Support Files/Pods-Marvel/Pods-Marvel.debug.xcconfig"; sourceTree = "<group>"; };
		B55881AED21E3802DFB94F0A /* Pods_Marvel.framework */ = {isa = PBXFileReference; explicitFileType = wrapper.framework; includeInIndex = 0; path = Pods_Marvel.framework; sourceTree = BUILT_PRODUCTS_DIR; };
/* End PBXFileReference section */

/* Begin PBXFrameworksBuildPhase section */
		4149213927DA759B0081374A /* Frameworks */ = {
			isa = PBXFrameworksBuildPhase;
			buildActionMask = 2147483647;
			files = (
				5FC4290CEB23AE19D9B30C6A /* Pods_Marvel.framework in Frameworks */,
			);
			runOnlyForDeploymentPostprocessing = 0;
		};
		4149214F27DA759E0081374A /* Frameworks */ = {
			isa = PBXFrameworksBuildPhase;
			buildActionMask = 2147483647;
			files = (
			);
			runOnlyForDeploymentPostprocessing = 0;
		};
		4149215A27DA759F0081374A /* Frameworks */ = {
			isa = PBXFrameworksBuildPhase;
			buildActionMask = 2147483647;
			files = (
			);
			runOnlyForDeploymentPostprocessing = 0;
		};
/* End PBXFrameworksBuildPhase section */

/* Begin PBXGroup section */
		4149213327DA759B0081374A = {
			isa = PBXGroup;
			children = (
				4149213E27DA759B0081374A /* Marvel */,
				4149215527DA759E0081374A /* MarvelTests */,
				4149216027DA759F0081374A /* MarvelUITests */,
				4149213D27DA759B0081374A /* Products */,
				590831A0DCEF0A9DA1A03F14 /* Pods */,
				DF3A1B69370B9BD95CA01FEB /* Frameworks */,
			);
			sourceTree = "<group>";
		};
		4149213D27DA759B0081374A /* Products */ = {
			isa = PBXGroup;
			children = (
				4149213C27DA759B0081374A /* Marvel.app */,
				4149215227DA759E0081374A /* MarvelTests.xctest */,
				4149215D27DA759F0081374A /* MarvelUITests.xctest */,
			);
			name = Products;
			sourceTree = "<group>";
		};
		4149213E27DA759B0081374A /* Marvel */ = {
			isa = PBXGroup;
			children = (
				4149214D27DA759E0081374A /* Info.plist */,
				4149231C27E0B6DB0081374A /* Details Sceen */,
				4149231A27E0B6C80081374A /* Dashboard Screen */,
				4149230427DFC4F10081374A /* Application Layer */,
				4149230327DFC4D20081374A /* Resource */,
				4149228827DFAB0A0081374A /* Extension */,
				4149221F27DD28D50081374A /* Common */,
				414921EB27DD0F8E0081374A /* Network */,
			);
			path = Marvel;
			sourceTree = "<group>";
		};
		4149215527DA759E0081374A /* MarvelTests */ = {
			isa = PBXGroup;
			children = (
				4149215627DA759E0081374A /* MarvelTests.swift */,
				4149227D27DF68B10081374A /* MarvelListViewModelTest.swift */,
				4149228227DF6FAC0081374A /* NetworkAPITest.swift */,
				4149215827DA759E0081374A /* Info.plist */,
			);
			path = MarvelTests;
			sourceTree = "<group>";
		};
		4149216027DA759F0081374A /* MarvelUITests */ = {
			isa = PBXGroup;
			children = (
				4149216127DA759F0081374A /* MarvelUITests.swift */,
				4149216327DA759F0081374A /* Info.plist */,
			);
			path = MarvelUITests;
			sourceTree = "<group>";
		};
		414921E227DD08B90081374A /* Model */ = {
			isa = PBXGroup;
			children = (
				414921E327DD08EE0081374A /* MarvelCharacterModel.swift */,
			);
			path = Model;
			sourceTree = "<group>";
		};
		414921EB27DD0F8E0081374A /* Network */ = {
			isa = PBXGroup;
			children = (
				414921EF27DD0FA10081374A /* Network.swift */,
				414921EE27DD0FA10081374A /* Networking.swift */,
				414921EC27DD0FA10081374A /* NetworkRequest.swift */,
			);
			path = Network;
			sourceTree = "<group>";
		};
		4149221F27DD28D50081374A /* Common */ = {
			isa = PBXGroup;
			children = (
				414921ED27DD0FA10081374A /* Constants.swift */,
				4149227027DF5C070081374A /* AlertPresenter.swift */,
				4149223D27DD3E820081374A /* BaseViewModel.swift */,
			);
			path = Common;
			sourceTree = "<group>";
		};
		4149222827DD33F90081374A /* View */ = {
			isa = PBXGroup;
			children = (
				4149224527DE4DCC0081374A /* ProductListCell.swift */,
				4149224627DE4DCC0081374A /* ProductListCell.xib */,
				41809FEA27E268A100AAC344 /* LoadingCell.swift */,
				41809FEB27E268A100AAC344 /* LoadingCell.xib */,
			);
			path = View;
			sourceTree = "<group>";
		};
		4149228727DFAAEF0081374A /* Controller */ = {
			isa = PBXGroup;
			children = (
				4149225E27DE675B0081374A /* MarvelCharacterDetailsViewController.swift */,
			);
			path = Controller;
			sourceTree = "<group>";
		};
		4149228827DFAB0A0081374A /* Extension */ = {
			isa = PBXGroup;
			children = (
				4149222027DD28FA0081374A /* Helper.swift */,
				4149223327DD384A0081374A /* ErrorHelper.swift */,
				4149223827DD3C010081374A /* ResultHelper.swift */,
				4149224F27DE4F0B0081374A /* UIView+Extensions.swift */,
				4149225427DE52410081374A /* UIImageView+Extensions.swift */,
			);
			path = Extension;
			sourceTree = "<group>";
		};
		4149230327DFC4D20081374A /* Resource */ = {
			isa = PBXGroup;
			children = (
				4149214527DA759B0081374A /* Main.storyboard */,
				4149214827DA759E0081374A /* Assets.xcassets */,
				4149214A27DA759E0081374A /* LaunchScreen.storyboard */,
				414922F927DFC1F80081374A /* Model.xcdatamodeld */,
			);
			path = Resource;
			sourceTree = "<group>";
		};
		4149230427DFC4F10081374A /* Application Layer */ = {
			isa = PBXGroup;
			children = (
				4149213F27DA759B0081374A /* AppDelegate.swift */,
				4149214127DA759B0081374A /* SceneDelegate.swift */,
			);
			path = "Application Layer";
			sourceTree = "<group>";
		};
		4149231A27E0B6C80081374A /* Dashboard Screen */ = {
			isa = PBXGroup;
			children = (
				414921E227DD08B90081374A /* Model */,
				4149222827DD33F90081374A /* View */,
				4149231E27E0B70C0081374A /* Controller */,
				4149231D27E0B6EA0081374A /* ViewModel */,
			);
			path = "Dashboard Screen";
			sourceTree = "<group>";
		};
		4149231C27E0B6DB0081374A /* Details Sceen */ = {
			isa = PBXGroup;
			children = (
				4149228727DFAAEF0081374A /* Controller */,
				4149231F27E0B75B0081374A /* ViewModel */,
			);
			path = "Details Sceen";
			sourceTree = "<group>";
		};
		4149231D27E0B6EA0081374A /* ViewModel */ = {
			isa = PBXGroup;
			children = (
				4149220A27DD18970081374A /* MarvelCharacterListViewModel.swift */,
			);
			path = ViewModel;
			sourceTree = "<group>";
		};
		4149231E27E0B70C0081374A /* Controller */ = {
			isa = PBXGroup;
			children = (
				41809FE227E2615500AAC344 /* DashBoardViewController.swift */,
			);
			path = Controller;
			sourceTree = "<group>";
		};
		4149231F27E0B75B0081374A /* ViewModel */ = {
			isa = PBXGroup;
			children = (
				4149225927DE61FF0081374A /* MarvelDetailsViewModel.swift */,
			);
			path = ViewModel;
			sourceTree = "<group>";
		};
		590831A0DCEF0A9DA1A03F14 /* Pods */ = {
			isa = PBXGroup;
			children = (
				7ACC46D8FF4B3A8EB03EDC7C /* Pods-Marvel.debug.xcconfig */,
				344F31D223C1ED7273DBFD17 /* Pods-Marvel.release.xcconfig */,
			);
			path = Pods;
			sourceTree = "<group>";
		};
		DF3A1B69370B9BD95CA01FEB /* Frameworks */ = {
			isa = PBXGroup;
			children = (
				B55881AED21E3802DFB94F0A /* Pods_Marvel.framework */,
			);
			name = Frameworks;
			sourceTree = "<group>";
		};
/* End PBXGroup section */

/* Begin PBXNativeTarget section */
		4149213B27DA759B0081374A /* Marvel */ = {
			isa = PBXNativeTarget;
			buildConfigurationList = 4149216627DA759F0081374A /* Build configuration list for PBXNativeTarget "Marvel" */;
			buildPhases = (
				40A31D02CC343525319F3E38 /* [CP] Check Pods Manifest.lock */,
				4149213827DA759B0081374A /* Sources */,
				4149213927DA759B0081374A /* Frameworks */,
				4149213A27DA759B0081374A /* Resources */,
				5739D4009497D9EADE3199CD /* [CP] Embed Pods Frameworks */,
			);
			buildRules = (
			);
			dependencies = (
			);
			name = Marvel;
			productName = Marvel;
			productReference = 4149213C27DA759B0081374A /* Marvel.app */;
			productType = "com.apple.product-type.application";
		};
		4149215127DA759E0081374A /* MarvelTests */ = {
			isa = PBXNativeTarget;
			buildConfigurationList = 4149216927DA759F0081374A /* Build configuration list for PBXNativeTarget "MarvelTests" */;
			buildPhases = (
				4149214E27DA759E0081374A /* Sources */,
				4149214F27DA759E0081374A /* Frameworks */,
				4149215027DA759E0081374A /* Resources */,
			);
			buildRules = (
			);
			dependencies = (
				4149215427DA759E0081374A /* PBXTargetDependency */,
			);
			name = MarvelTests;
			productName = MarvelTests;
			productReference = 4149215227DA759E0081374A /* MarvelTests.xctest */;
			productType = "com.apple.product-type.bundle.unit-test";
		};
		4149215C27DA759F0081374A /* MarvelUITests */ = {
			isa = PBXNativeTarget;
			buildConfigurationList = 4149216C27DA759F0081374A /* Build configuration list for PBXNativeTarget "MarvelUITests" */;
			buildPhases = (
				4149215927DA759F0081374A /* Sources */,
				4149215A27DA759F0081374A /* Frameworks */,
				4149215B27DA759F0081374A /* Resources */,
			);
			buildRules = (
			);
			dependencies = (
				4149215F27DA759F0081374A /* PBXTargetDependency */,
			);
			name = MarvelUITests;
			productName = MarvelUITests;
			productReference = 4149215D27DA759F0081374A /* MarvelUITests.xctest */;
			productType = "com.apple.product-type.bundle.ui-testing";
		};
/* End PBXNativeTarget section */

/* Begin PBXProject section */
		4149213427DA759B0081374A /* Project object */ = {
			isa = PBXProject;
			attributes = {
				LastSwiftUpdateCheck = 1220;
				LastUpgradeCheck = 1220;
				TargetAttributes = {
					4149213B27DA759B0081374A = {
						CreatedOnToolsVersion = 12.2;
					};
					4149215127DA759E0081374A = {
						CreatedOnToolsVersion = 12.2;
						TestTargetID = 4149213B27DA759B0081374A;
					};
					4149215C27DA759F0081374A = {
						CreatedOnToolsVersion = 12.2;
						TestTargetID = 4149213B27DA759B0081374A;
					};
				};
			};
			buildConfigurationList = 4149213727DA759B0081374A /* Build configuration list for PBXProject "Marvel" */;
			compatibilityVersion = "Xcode 9.3";
			developmentRegion = en;
			hasScannedForEncodings = 0;
			knownRegions = (
				en,
				Base,
			);
			mainGroup = 4149213327DA759B0081374A;
			productRefGroup = 4149213D27DA759B0081374A /* Products */;
			projectDirPath = "";
			projectRoot = "";
			targets = (
				4149213B27DA759B0081374A /* Marvel */,
				4149215127DA759E0081374A /* MarvelTests */,
				4149215C27DA759F0081374A /* MarvelUITests */,
			);
		};
/* End PBXProject section */

/* Begin PBXResourcesBuildPhase section */
		4149213A27DA759B0081374A /* Resources */ = {
			isa = PBXResourcesBuildPhase;
			buildActionMask = 2147483647;
			files = (
				4149224827DE4DCD0081374A /* ProductListCell.xib in Resources */,
				4149214C27DA759E0081374A /* LaunchScreen.storyboard in Resources */,
				4149214927DA759E0081374A /* Assets.xcassets in Resources */,
				41809FED27E268A100AAC344 /* LoadingCell.xib in Resources */,
				4149214727DA759B0081374A /* Main.storyboard in Resources */,
			);
			runOnlyForDeploymentPostprocessing = 0;
		};
		4149215027DA759E0081374A /* Resources */ = {
			isa = PBXResourcesBuildPhase;
			buildActionMask = 2147483647;
			files = (
			);
			runOnlyForDeploymentPostprocessing = 0;
		};
		4149215B27DA759F0081374A /* Resources */ = {
			isa = PBXResourcesBuildPhase;
			buildActionMask = 2147483647;
			files = (
			);
			runOnlyForDeploymentPostprocessing = 0;
		};
/* End PBXResourcesBuildPhase section */

/* Begin PBXShellScriptBuildPhase section */
		40A31D02CC343525319F3E38 /* [CP] Check Pods Manifest.lock */ = {
			isa = PBXShellScriptBuildPhase;
			buildActionMask = 2147483647;
			files = (
			);
			inputFileListPaths = (
			);
			inputPaths = (
				"${PODS_PODFILE_DIR_PATH}/Podfile.lock",
				"${PODS_ROOT}/Manifest.lock",
			);
			name = "[CP] Check Pods Manifest.lock";
			outputFileListPaths = (
			);
			outputPaths = (
				"$(DERIVED_FILE_DIR)/Pods-Marvel-checkManifestLockResult.txt",
			);
			runOnlyForDeploymentPostprocessing = 0;
			shellPath = /bin/sh;
			shellScript = "diff \"${PODS_PODFILE_DIR_PATH}/Podfile.lock\" \"${PODS_ROOT}/Manifest.lock\" > /dev/null\nif [ $? != 0 ] ; then\n    # print error to STDERR\n    echo \"error: The sandbox is not in sync with the Podfile.lock. Run 'pod install' or update your CocoaPods installation.\" >&2\n    exit 1\nfi\n# This output is used by Xcode 'outputs' to avoid re-running this script phase.\necho \"SUCCESS\" > \"${SCRIPT_OUTPUT_FILE_0}\"\n";
			showEnvVarsInLog = 0;
		};
		5739D4009497D9EADE3199CD /* [CP] Embed Pods Frameworks */ = {
			isa = PBXShellScriptBuildPhase;
			buildActionMask = 2147483647;
			files = (
			);
			inputFileListPaths = (
				"${PODS_ROOT}/Target Support Files/Pods-Marvel/Pods-Marvel-frameworks-${CONFIGURATION}-input-files.xcfilelist",
			);
			name = "[CP] Embed Pods Frameworks";
			outputFileListPaths = (
				"${PODS_ROOT}/Target Support Files/Pods-Marvel/Pods-Marvel-frameworks-${CONFIGURATION}-output-files.xcfilelist",
			);
			runOnlyForDeploymentPostprocessing = 0;
			shellPath = /bin/sh;
			shellScript = "\"${PODS_ROOT}/Target Support Files/Pods-Marvel/Pods-Marvel-frameworks.sh\"\n";
			showEnvVarsInLog = 0;
		};
/* End PBXShellScriptBuildPhase section */

/* Begin PBXSourcesBuildPhase section */
		4149213827DA759B0081374A /* Sources */ = {
			isa = PBXSourcesBuildPhase;
			buildActionMask = 2147483647;
			files = (
				4149223927DD3C010081374A /* ResultHelper.swift in Sources */,
				4149225F27DE675B0081374A /* MarvelCharacterDetailsViewController.swift in Sources */,
				41809FE327E2615500AAC344 /* DashBoardViewController.swift in Sources */,
				4149223E27DD3E820081374A /* BaseViewModel.swift in Sources */,
				4149214027DA759B0081374A /* AppDelegate.swift in Sources */,
				414921F327DD0FA10081374A /* Network.swift in Sources */,
				4149225A27DE61FF0081374A /* MarvelDetailsViewModel.swift in Sources */,
				414922FB27DFC1F80081374A /* Model.xcdatamodeld in Sources */,
				414921E427DD08EE0081374A /* MarvelCharacterModel.swift in Sources */,
				4149220B27DD18970081374A /* MarvelCharacterListViewModel.swift in Sources */,
				4149214227DA759B0081374A /* SceneDelegate.swift in Sources */,
				414921F027DD0FA10081374A /* NetworkRequest.swift in Sources */,
				4149222127DD28FB0081374A /* Helper.swift in Sources */,
				414921F127DD0FA10081374A /* Constants.swift in Sources */,
				4149223427DD384A0081374A /* ErrorHelper.swift in Sources */,
				4149225027DE4F0B0081374A /* UIView+Extensions.swift in Sources */,
				4149227127DF5C070081374A /* AlertPresenter.swift in Sources */,
				414921F227DD0FA10081374A /* Networking.swift in Sources */,
				41809FEC27E268A100AAC344 /* LoadingCell.swift in Sources */,
				4149225527DE52410081374A /* UIImageView+Extensions.swift in Sources */,
				4149224727DE4DCD0081374A /* ProductListCell.swift in Sources */,
			);
			runOnlyForDeploymentPostprocessing = 0;
		};
		4149214E27DA759E0081374A /* Sources */ = {
			isa = PBXSourcesBuildPhase;
			buildActionMask = 2147483647;
			files = (
				4149228327DF6FAC0081374A /* NetworkAPITest.swift in Sources */,
				4149215727DA759E0081374A /* MarvelTests.swift in Sources */,
				4149227E27DF68B10081374A /* MarvelListViewModelTest.swift in Sources */,
				414922FC27DFC1F80081374A /* Model.xcdatamodeld in Sources */,
			);
			runOnlyForDeploymentPostprocessing = 0;
		};
		4149215927DA759F0081374A /* Sources */ = {
			isa = PBXSourcesBuildPhase;
			buildActionMask = 2147483647;
			files = (
				4149216227DA759F0081374A /* MarvelUITests.swift in Sources */,
			);
			runOnlyForDeploymentPostprocessing = 0;
		};
/* End PBXSourcesBuildPhase section */

/* Begin PBXTargetDependency section */
		4149215427DA759E0081374A /* PBXTargetDependency */ = {
			isa = PBXTargetDependency;
			target = 4149213B27DA759B0081374A /* Marvel */;
			targetProxy = 4149215327DA759E0081374A /* PBXContainerItemProxy */;
		};
		4149215F27DA759F0081374A /* PBXTargetDependency */ = {
			isa = PBXTargetDependency;
			target = 4149213B27DA759B0081374A /* Marvel */;
			targetProxy = 4149215E27DA759F0081374A /* PBXContainerItemProxy */;
		};
/* End PBXTargetDependency section */

/* Begin PBXVariantGroup section */
		4149214527DA759B0081374A /* Main.storyboard */ = {
			isa = PBXVariantGroup;
			children = (
				4149214627DA759B0081374A /* Base */,
			);
			name = Main.storyboard;
			sourceTree = "<group>";
		};
		4149214A27DA759E0081374A /* LaunchScreen.storyboard */ = {
			isa = PBXVariantGroup;
			children = (
				4149214B27DA759E0081374A /* Base */,
			);
			name = LaunchScreen.storyboard;
			sourceTree = "<group>";
		};
/* End PBXVariantGroup section */

/* Begin XCBuildConfiguration section */
		4149216427DA759F0081374A /* Debug */ = {
			isa = XCBuildConfiguration;
			buildSettings = {
				ALWAYS_SEARCH_USER_PATHS = NO;
				CLANG_ANALYZER_NONNULL = YES;
				CLANG_ANALYZER_NUMBER_OBJECT_CONVERSION = YES_AGGRESSIVE;
				CLANG_CXX_LANGUAGE_STANDARD = "gnu++14";
				CLANG_CXX_LIBRARY = "libc++";
				CLANG_ENABLE_MODULES = YES;
				CLANG_ENABLE_OBJC_ARC = YES;
				CLANG_ENABLE_OBJC_WEAK = YES;
				CLANG_WARN_BLOCK_CAPTURE_AUTORELEASING = YES;
				CLANG_WARN_BOOL_CONVERSION = YES;
				CLANG_WARN_COMMA = YES;
				CLANG_WARN_CONSTANT_CONVERSION = YES;
				CLANG_WARN_DEPRECATED_OBJC_IMPLEMENTATIONS = YES;
				CLANG_WARN_DIRECT_OBJC_ISA_USAGE = YES_ERROR;
				CLANG_WARN_DOCUMENTATION_COMMENTS = YES;
				CLANG_WARN_EMPTY_BODY = YES;
				CLANG_WARN_ENUM_CONVERSION = YES;
				CLANG_WARN_INFINITE_RECURSION = YES;
				CLANG_WARN_INT_CONVERSION = YES;
				CLANG_WARN_NON_LITERAL_NULL_CONVERSION = YES;
				CLANG_WARN_OBJC_IMPLICIT_RETAIN_SELF = YES;
				CLANG_WARN_OBJC_LITERAL_CONVERSION = YES;
				CLANG_WARN_OBJC_ROOT_CLASS = YES_ERROR;
				CLANG_WARN_QUOTED_INCLUDE_IN_FRAMEWORK_HEADER = YES;
				CLANG_WARN_RANGE_LOOP_ANALYSIS = YES;
				CLANG_WARN_STRICT_PROTOTYPES = YES;
				CLANG_WARN_SUSPICIOUS_MOVE = YES;
				CLANG_WARN_UNGUARDED_AVAILABILITY = YES_AGGRESSIVE;
				CLANG_WARN_UNREACHABLE_CODE = YES;
				CLANG_WARN__DUPLICATE_METHOD_MATCH = YES;
				COPY_PHASE_STRIP = NO;
				DEBUG_INFORMATION_FORMAT = dwarf;
				ENABLE_STRICT_OBJC_MSGSEND = YES;
				ENABLE_TESTABILITY = YES;
				GCC_C_LANGUAGE_STANDARD = gnu11;
				GCC_DYNAMIC_NO_PIC = NO;
				GCC_NO_COMMON_BLOCKS = YES;
				GCC_OPTIMIZATION_LEVEL = 0;
				GCC_PREPROCESSOR_DEFINITIONS = (
					"DEBUG=1",
					"$(inherited)",
				);
				GCC_WARN_64_TO_32_BIT_CONVERSION = YES;
				GCC_WARN_ABOUT_RETURN_TYPE = YES_ERROR;
				GCC_WARN_UNDECLARED_SELECTOR = YES;
				GCC_WARN_UNINITIALIZED_AUTOS = YES_AGGRESSIVE;
				GCC_WARN_UNUSED_FUNCTION = YES;
				GCC_WARN_UNUSED_VARIABLE = YES;
				IPHONEOS_DEPLOYMENT_TARGET = 14.2;
				MTL_ENABLE_DEBUG_INFO = INCLUDE_SOURCE;
				MTL_FAST_MATH = YES;
				ONLY_ACTIVE_ARCH = YES;
				SDKROOT = iphoneos;
				SWIFT_ACTIVE_COMPILATION_CONDITIONS = DEBUG;
				SWIFT_OPTIMIZATION_LEVEL = "-Onone";
			};
			name = Debug;
		};
		4149216527DA759F0081374A /* Release */ = {
			isa = XCBuildConfiguration;
			buildSettings = {
				ALWAYS_SEARCH_USER_PATHS = NO;
				CLANG_ANALYZER_NONNULL = YES;
				CLANG_ANALYZER_NUMBER_OBJECT_CONVERSION = YES_AGGRESSIVE;
				CLANG_CXX_LANGUAGE_STANDARD = "gnu++14";
				CLANG_CXX_LIBRARY = "libc++";
				CLANG_ENABLE_MODULES = YES;
				CLANG_ENABLE_OBJC_ARC = YES;
				CLANG_ENABLE_OBJC_WEAK = YES;
				CLANG_WARN_BLOCK_CAPTURE_AUTORELEASING = YES;
				CLANG_WARN_BOOL_CONVERSION = YES;
				CLANG_WARN_COMMA = YES;
				CLANG_WARN_CONSTANT_CONVERSION = YES;
				CLANG_WARN_DEPRECATED_OBJC_IMPLEMENTATIONS = YES;
				CLANG_WARN_DIRECT_OBJC_ISA_USAGE = YES_ERROR;
				CLANG_WARN_DOCUMENTATION_COMMENTS = YES;
				CLANG_WARN_EMPTY_BODY = YES;
				CLANG_WARN_ENUM_CONVERSION = YES;
				CLANG_WARN_INFINITE_RECURSION = YES;
				CLANG_WARN_INT_CONVERSION = YES;
				CLANG_WARN_NON_LITERAL_NULL_CONVERSION = YES;
				CLANG_WARN_OBJC_IMPLICIT_RETAIN_SELF = YES;
				CLANG_WARN_OBJC_LITERAL_CONVERSION = YES;
				CLANG_WARN_OBJC_ROOT_CLASS = YES_ERROR;
				CLANG_WARN_QUOTED_INCLUDE_IN_FRAMEWORK_HEADER = YES;
				CLANG_WARN_RANGE_LOOP_ANALYSIS = YES;
				CLANG_WARN_STRICT_PROTOTYPES = YES;
				CLANG_WARN_SUSPICIOUS_MOVE = YES;
				CLANG_WARN_UNGUARDED_AVAILABILITY = YES_AGGRESSIVE;
				CLANG_WARN_UNREACHABLE_CODE = YES;
				CLANG_WARN__DUPLICATE_METHOD_MATCH = YES;
				COPY_PHASE_STRIP = NO;
				DEBUG_INFORMATION_FORMAT = "dwarf-with-dsym";
				ENABLE_NS_ASSERTIONS = NO;
				ENABLE_STRICT_OBJC_MSGSEND = YES;
				GCC_C_LANGUAGE_STANDARD = gnu11;
				GCC_NO_COMMON_BLOCKS = YES;
				GCC_WARN_64_TO_32_BIT_CONVERSION = YES;
				GCC_WARN_ABOUT_RETURN_TYPE = YES_ERROR;
				GCC_WARN_UNDECLARED_SELECTOR = YES;
				GCC_WARN_UNINITIALIZED_AUTOS = YES_AGGRESSIVE;
				GCC_WARN_UNUSED_FUNCTION = YES;
				GCC_WARN_UNUSED_VARIABLE = YES;
				IPHONEOS_DEPLOYMENT_TARGET = 14.2;
				MTL_ENABLE_DEBUG_INFO = NO;
				MTL_FAST_MATH = YES;
				SDKROOT = iphoneos;
				SWIFT_COMPILATION_MODE = wholemodule;
				SWIFT_OPTIMIZATION_LEVEL = "-O";
				VALIDATE_PRODUCT = YES;
			};
			name = Release;
		};
		4149216727DA759F0081374A /* Debug */ = {
			isa = XCBuildConfiguration;
			baseConfigurationReference = 7ACC46D8FF4B3A8EB03EDC7C /* Pods-Marvel.debug.xcconfig */;
			buildSettings = {
				ASSETCATALOG_COMPILER_APPICON_NAME = AppIcon;
				ASSETCATALOG_COMPILER_GLOBAL_ACCENT_COLOR_NAME = AccentColor;
				CODE_SIGN_STYLE = Automatic;
				DEVELOPMENT_TEAM = 9LD4QRP6G4;
				INFOPLIST_FILE = Marvel/Info.plist;
				LD_RUNPATH_SEARCH_PATHS = (
					"$(inherited)",
					"@executable_path/Frameworks",
				);
				PRODUCT_BUNDLE_IDENTIFIER = com..Marvel;
				PRODUCT_NAME = "$(TARGET_NAME)";
				SWIFT_VERSION = 5.0;
				TARGETED_DEVICE_FAMILY = "1,2";
			};
			name = Debug;
		};
		4149216827DA759F0081374A /* Release */ = {
			isa = XCBuildConfiguration;
			baseConfigurationReference = 344F31D223C1ED7273DBFD17 /* Pods-Marvel.release.xcconfig */;
			buildSettings = {
				ASSETCATALOG_COMPILER_APPICON_NAME = AppIcon;
				ASSETCATALOG_COMPILER_GLOBAL_ACCENT_COLOR_NAME = AccentColor;
				CODE_SIGN_STYLE = Automatic;
				DEVELOPMENT_TEAM = 9LD4QRP6G4;
				INFOPLIST_FILE = Marvel/Info.plist;
				LD_RUNPATH_SEARCH_PATHS = (
					"$(inherited)",
					"@executable_path/Frameworks",
				);
				PRODUCT_BUNDLE_IDENTIFIER = com..Marvel;
				PRODUCT_NAME = "$(TARGET_NAME)";
				SWIFT_VERSION = 5.0;
				TARGETED_DEVICE_FAMILY = "1,2";
			};
			name = Release;
		};
		4149216A27DA759F0081374A /* Debug */ = {
			isa = XCBuildConfiguration;
			buildSettings = {
				ALWAYS_EMBED_SWIFT_STANDARD_LIBRARIES = YES;
				BUNDLE_LOADER = "$(TEST_HOST)";
				CODE_SIGN_STYLE = Automatic;
				DEVELOPMENT_TEAM = 9LD4QRP6G4;
				INFOPLIST_FILE = MarvelTests/Info.plist;
				IPHONEOS_DEPLOYMENT_TARGET = 14.2;
				LD_RUNPATH_SEARCH_PATHS = (
					"$(inherited)",
					"@executable_path/Frameworks",
					"@loader_path/Frameworks",
				);
				PRODUCT_BUNDLE_IDENTIFIER = com..MarvelTests;
				PRODUCT_NAME = "$(TARGET_NAME)";
				SWIFT_VERSION = 5.0;
				TARGETED_DEVICE_FAMILY = "1,2";
				TEST_HOST = "$(BUILT_PRODUCTS_DIR)/Marvel.app/Marvel";
			};
			name = Debug;
		};
		4149216B27DA759F0081374A /* Release */ = {
			isa = XCBuildConfiguration;
			buildSettings = {
				ALWAYS_EMBED_SWIFT_STANDARD_LIBRARIES = YES;
				BUNDLE_LOADER = "$(TEST_HOST)";
				CODE_SIGN_STYLE = Automatic;
				DEVELOPMENT_TEAM = 9LD4QRP6G4;
				INFOPLIST_FILE = MarvelTests/Info.plist;
				IPHONEOS_DEPLOYMENT_TARGET = 14.2;
				LD_RUNPATH_SEARCH_PATHS = (
					"$(inherited)",
					"@executable_path/Frameworks",
					"@loader_path/Frameworks",
				);
				PRODUCT_BUNDLE_IDENTIFIER = com..MarvelTests;
				PRODUCT_NAME = "$(TARGET_NAME)";
				SWIFT_VERSION = 5.0;
				TARGETED_DEVICE_FAMILY = "1,2";
				TEST_HOST = "$(BUILT_PRODUCTS_DIR)/Marvel.app/Marvel";
			};
			name = Release;
		};
		4149216D27DA759F0081374A /* Debug */ = {
			isa = XCBuildConfiguration;
			buildSettings = {
				ALWAYS_EMBED_SWIFT_STANDARD_LIBRARIES = YES;
				CODE_SIGN_STYLE = Automatic;
				DEVELOPMENT_TEAM = 9LD4QRP6G4;
				INFOPLIST_FILE = MarvelUITests/Info.plist;
				LD_RUNPATH_SEARCH_PATHS = (
					"$(inherited)",
					"@executable_path/Frameworks",
					"@loader_path/Frameworks",
				);
				PRODUCT_BUNDLE_IDENTIFIER = com..MarvelUITests;
				PRODUCT_NAME = "$(TARGET_NAME)";
				SWIFT_VERSION = 5.0;
				TARGETED_DEVICE_FAMILY = "1,2";
				TEST_TARGET_NAME = Marvel;
			};
			name = Debug;
		};
		4149216E27DA759F0081374A /* Release */ = {
			isa = XCBuildConfiguration;
			buildSettings = {
				ALWAYS_EMBED_SWIFT_STANDARD_LIBRARIES = YES;
				CODE_SIGN_STYLE = Automatic;
				DEVELOPMENT_TEAM = 9LD4QRP6G4;
				INFOPLIST_FILE = MarvelUITests/Info.plist;
				LD_RUNPATH_SEARCH_PATHS = (
					"$(inherited)",
					"@executable_path/Frameworks",
					"@loader_path/Frameworks",
				);
				PRODUCT_BUNDLE_IDENTIFIER = com..MarvelUITests;
				PRODUCT_NAME = "$(TARGET_NAME)";
				SWIFT_VERSION = 5.0;
				TARGETED_DEVICE_FAMILY = "1,2";
				TEST_TARGET_NAME = Marvel;
			};
			name = Release;
		};
/* End XCBuildConfiguration section */

/* Begin XCConfigurationList section */
		4149213727DA759B0081374A /* Build configuration list for PBXProject "Marvel" */ = {
			isa = XCConfigurationList;
			buildConfigurations = (
				4149216427DA759F0081374A /* Debug */,
				4149216527DA759F0081374A /* Release */,
			);
			defaultConfigurationIsVisible = 0;
			defaultConfigurationName = Release;
		};
		4149216627DA759F0081374A /* Build configuration list for PBXNativeTarget "Marvel" */ = {
			isa = XCConfigurationList;
			buildConfigurations = (
				4149216727DA759F0081374A /* Debug */,
				4149216827DA759F0081374A /* Release */,
			);
			defaultConfigurationIsVisible = 0;
			defaultConfigurationName = Release;
		};
		4149216927DA759F0081374A /* Build configuration list for PBXNativeTarget "MarvelTests" */ = {
			isa = XCConfigurationList;
			buildConfigurations = (
				4149216A27DA759F0081374A /* Debug */,
				4149216B27DA759F0081374A /* Release */,
			);
			defaultConfigurationIsVisible = 0;
			defaultConfigurationName = Release;
		};
		4149216C27DA759F0081374A /* Build configuration list for PBXNativeTarget "MarvelUITests" */ = {
			isa = XCConfigurationList;
			buildConfigurations = (
				4149216D27DA759F0081374A /* Debug */,
				4149216E27DA759F0081374A /* Release */,
			);
			defaultConfigurationIsVisible = 0;
			defaultConfigurationName = Release;
		};
/* End XCConfigurationList section */

/* Begin XCVersionGroup section */
		414922F927DFC1F80081374A /* Model.xcdatamodeld */ = {
			isa = XCVersionGroup;
			children = (
				414922FA27DFC1F80081374A /* Model.xcdatamodel */,
			);
			currentVersion = 414922FA27DFC1F80081374A /* Model.xcdatamodel */;
			path = Model.xcdatamodeld;
			sourceTree = "<group>";
			versionGroupType = wrapper.xcdatamodel;
		};
/* End XCVersionGroup section */
	};
	rootObject = 4149213427DA759B0081374A /* Project object */;
}
